
Microsoft Visual Studio Solution File, Format Version 12.00
# Visual Studio 15
VisualStudioVersion = 15.0.28010.2050
MinimumVisualStudioVersion = 10.0.40219.1
Project("{FAE04EC0-301F-11D3-BF4B-00C04F79EFBC}") = "Dates", "Dates\Dates.csproj", "{2BDFB320-67E1-4098-92FE-CEE623042726}"
EndProject
Global
	GlobalSection(SolutionConfigurationPlatforms) = preSolution
		Debug|Any CPU = Debug|Any CPU
		Release|Any CPU = Release|Any CPU
	EndGlobalSection
	GlobalSection(ProjectConfigurationPlatforms) = postSolution
		{2BDFB320-67E1-4098-92FE-CEE623042726}.Debug|Any CPU.ActiveCfg = Debug|Any CPU
		{2BDFB320-67E1-4098-92FE-CEE623042726}.Debug|Any CPU.Build.0 = Debug|Any CPU
		{2BDFB320-67E1-4098-92FE-CEE623042726}.Release|Any CPU.ActiveCfg = Release|Any CPU
		{2BDFB320-67E1-4098-92FE-CEE623042726}.Release|Any CPU.Build.0 = Release|Any CPU
	EndGlobalSection
	GlobalSection(SolutionProperties) = preSolution
		HideSolutionNode = FALSE
	EndGlobalSection
	GlobalSection(ExtensibilityGlobals) = postSolution
		SolutionGuid = {F00E6242-DBF1-4D3B-9E9D-7B44037A1E57}
	EndGlobalSection
EndGlobal
