
Microsoft Visual Studio Solution File, Format Version 12.00
# Visual Studio 15
VisualStudioVersion = 15.0.28010.2050
MinimumVisualStudioVersion = 10.0.40219.1
Project("{FAE04EC0-301F-11D3-BF4B-00C04F79EFBC}") = "AddNumbers", "AddNumbers\AddNumbers.csproj", "{95F8372D-E7BF-4CBF-AFB8-85990524EEFA}"
EndProject
Global
	GlobalSection(SolutionConfigurationPlatforms) = preSolution
		Debug|Any CPU = Debug|Any CPU
		Release|Any CPU = Release|Any CPU
	EndGlobalSection
	GlobalSection(ProjectConfigurationPlatforms) = postSolution
		{95F8372D-E7BF-4CBF-AFB8-85990524EEFA}.Debug|Any CPU.ActiveCfg = Debug|Any CPU
		{95F8372D-E7BF-4CBF-AFB8-85990524EEFA}.Debug|Any CPU.Build.0 = Debug|Any CPU
		{95F8372D-E7BF-4CBF-AFB8-85990524EEFA}.Release|Any CPU.ActiveCfg = Release|Any CPU
		{95F8372D-E7BF-4CBF-AFB8-85990524EEFA}.Release|Any CPU.Build.0 = Release|Any CPU
	EndGlobalSection
	GlobalSection(SolutionProperties) = preSolution
		HideSolutionNode = FALSE
	EndGlobalSection
	GlobalSection(ExtensibilityGlobals) = postSolution
		SolutionGuid = {9790607E-8B4E-4C99-83E8-EF34E7628A7C}
	EndGlobalSection
EndGlobal
